
Microsoft Visual Studio Solution File, Format Version 10.00
# Visual Studio 2008
Project("{FAE04EC0-301F-11D3-BF4B-00C04F79EFBC}") = "p70 3_13", "p70 3_13\p70 3_13.csproj", "{89C5BDB2-2D31-4129-A445-A64DA98DAC3C}"
EndProject
Global
	GlobalSection(SolutionConfigurationPlatforms) = preSolution
		Debug|Any CPU = Debug|Any CPU
		Release|Any CPU = Release|Any CPU
	EndGlobalSection
	GlobalSection(ProjectConfigurationPlatforms) = postSolution
		{89C5BDB2-2D31-4129-A445-A64DA98DAC3C}.Debug|Any CPU.ActiveCfg = Debug|Any CPU
		{89C5BDB2-2D31-4129-A445-A64DA98DAC3C}.Debug|Any CPU.Build.0 = Debug|Any CPU
		{89C5BDB2-2D31-4129-A445-A64DA98DAC3C}.Release|Any CPU.ActiveCfg = Release|Any CPU
		{89C5BDB2-2D31-4129-A445-A64DA98DAC3C}.Release|Any CPU.Build.0 = Release|Any CPU
	EndGlobalSection
	GlobalSection(SolutionProperties) = preSolution
		HideSolutionNode = FALSE
	EndGlobalSection
EndGlobal
