
Microsoft Visual Studio Solution File, Format Version 10.00
# Visual Studio 2008
Project("{FAE04EC0-301F-11D3-BF4B-00C04F79EFBC}") = "p145_1", "p145_1\p145_1.csproj", "{82CA626C-0B91-4927-AFCF-0964F7B25DE5}"
EndProject
Global
	GlobalSection(SolutionConfigurationPlatforms) = preSolution
		Debug|Any CPU = Debug|Any CPU
		Release|Any CPU = Release|Any CPU
	EndGlobalSection
	GlobalSection(ProjectConfigurationPlatforms) = postSolution
		{82CA626C-0B91-4927-AFCF-0964F7B25DE5}.Debug|Any CPU.ActiveCfg = Debug|Any CPU
		{82CA626C-0B91-4927-AFCF-0964F7B25DE5}.Debug|Any CPU.Build.0 = Debug|Any CPU
		{82CA626C-0B91-4927-AFCF-0964F7B25DE5}.Release|Any CPU.ActiveCfg = Release|Any CPU
		{82CA626C-0B91-4927-AFCF-0964F7B25DE5}.Release|Any CPU.Build.0 = Release|Any CPU
	EndGlobalSection
	GlobalSection(SolutionProperties) = preSolution
		HideSolutionNode = FALSE
	EndGlobalSection
EndGlobal
