
Microsoft Visual Studio Solution File, Format Version 10.00
# Visual Studio 2008
Project("{FAE04EC0-301F-11D3-BF4B-00C04F79EFBC}") = "p145_2_2", "p145_2_2\p145_2_2.csproj", "{1E149295-9518-449C-AEB4-F22CB32AB617}"
EndProject
Global
	GlobalSection(SolutionConfigurationPlatforms) = preSolution
		Debug|Any CPU = Debug|Any CPU
		Release|Any CPU = Release|Any CPU
	EndGlobalSection
	GlobalSection(ProjectConfigurationPlatforms) = postSolution
		{1E149295-9518-449C-AEB4-F22CB32AB617}.Debug|Any CPU.ActiveCfg = Debug|Any CPU
		{1E149295-9518-449C-AEB4-F22CB32AB617}.Debug|Any CPU.Build.0 = Debug|Any CPU
		{1E149295-9518-449C-AEB4-F22CB32AB617}.Release|Any CPU.ActiveCfg = Release|Any CPU
		{1E149295-9518-449C-AEB4-F22CB32AB617}.Release|Any CPU.Build.0 = Release|Any CPU
	EndGlobalSection
	GlobalSection(SolutionProperties) = preSolution
		HideSolutionNode = FALSE
	EndGlobalSection
EndGlobal
